// !$*UTF8*$!
{
	archiveVersion = 1;
	classes = {
	};
	objectVersion = 48;
	objects = {

/* Begin PBXBuildFile section */
		2951E90B1FBF5EF000516348 /* AppDelegate.swift in Sources */ = {isa = PBXBuildFile; fileRef = 2951E90A1FBF5EF000516348 /* AppDelegate.swift */; };
		2951E90D1FBF5EF000516348 /* ViewController.swift in Sources */ = {isa = PBXBuildFile; fileRef = 2951E90C1FBF5EF000516348 /* ViewController.swift */; };
		2951E9101FBF5EF000516348 /* Main.storyboard in Resources */ = {isa = PBXBuildFile; fileRef = 2951E90E1FBF5EF000516348 /* Main.storyboard */; };
		2951E9121FBF5EF000516348 /* Assets.xcassets in Resources */ = {isa = PBXBuildFile; fileRef = 2951E9111FBF5EF000516348 /* Assets.xcassets */; };
		2951E9151FBF5EF000516348 /* LaunchScreen.storyboard in Resources */ = {isa = PBXBuildFile; fileRef = 2951E9131FBF5EF000516348 /* LaunchScreen.storyboard */; };
/* End PBXBuildFile section */

/* Begin PBXFileReference section */
		2951E9071FBF5EF000516348 /* Usicon2018.app */ = {isa = PBXFileReference; explicitFileType = wrapper.application; includeInIndex = 0; path = Usicon2018.app; sourceTree = BUILT_PRODUCTS_DIR; };
		2951E90A1FBF5EF000516348 /* AppDelegate.swift */ = {isa = PBXFileReference; lastKnownFileType = sourcecode.swift; path = AppDelegate.swift; sourceTree = "<group>"; };
		2951E90C1FBF5EF000516348 /* ViewController.swift */ = {isa = PBXFileReference; lastKnownFileType = sourcecode.swift; path = ViewController.swift; sourceTree = "<group>"; };
		2951E90F1FBF5EF000516348 /* Base */ = {isa = PBXFileReference; lastKnownFileType = file.storyboard; name = Base; path = Base.lproj/Main.storyboard; sourceTree = "<group>"; };
		2951E9111FBF5EF000516348 /* Assets.xcassets */ = {isa = PBXFileReference; lastKnownFileType = folder.assetcatalog; path = Assets.xcassets; sourceTree = "<group>"; };
		2951E9141FBF5EF000516348 /* Base */ = {isa = PBXFileReference; lastKnownFileType = file.storyboard; name = Base; path = Base.lproj/LaunchScreen.storyboard; sourceTree = "<group>"; };
		2951E9161FBF5EF000516348 /* Info.plist */ = {isa = PBXFileReference; lastKnownFileType = text.plist.xml; path = Info.plist; sourceTree = "<group>"; };
/* End PBXFileReference section */

/* Begin PBXFrameworksBuildPhase section */
		2951E9041FBF5EF000516348 /* Frameworks */ = {
			isa = PBXFrameworksBuildPhase;
			buildActionMask = 2147483647;
			files = (
			);
			runOnlyForDeploymentPostprocessing = 0;
		};
/* End PBXFrameworksBuildPhase section */

/* Begin PBXGroup section */
		2951E8FE1FBF5EF000516348 = {
			isa = PBXGroup;
			children = (
				2951E9091FBF5EF000516348 /* Usicon2018 */,
				2951E9081FBF5EF000516348 /* Products */,
			);
			sourceTree = "<group>";
		};
		2951E9081FBF5EF000516348 /* Products */ = {
			isa = PBXGroup;
			children = (
				2951E9071FBF5EF000516348 /* Usicon2018.app */,
			);
			name = Products;
			sourceTree = "<group>";
		};
		2951E9091FBF5EF000516348 /* Usicon2018 */ = {
			isa = PBXGroup;
			children = (
				2951E90A1FBF5EF000516348 /* AppDelegate.swift */,
				2951E90C1FBF5EF000516348 /* ViewController.swift */,
				2951E90E1FBF5EF000516348 /* Main.storyboard */,
				2951E9111FBF5EF000516348 /* Assets.xcassets */,
				2951E9131FBF5EF000516348 /* LaunchScreen.storyboard */,
				2951E9161FBF5EF000516348 /* Info.plist */,
			);
			path = Usicon2018;
			sourceTree = "<group>";
		};
/* End PBXGroup section */

/* Begin PBXNativeTarget section */
		2951E9061FBF5EF000516348 /* Usicon2018 */ = {
			isa = PBXNativeTarget;
			buildConfigurationList = 2951E9191FBF5EF100516348 /* Build configuration list for PBXNativeTarget "Usicon2018" */;
			buildPhases = (
				2951E9031FBF5EF000516348 /* Sources */,
				2951E9041FBF5EF000516348 /* Frameworks */,
				2951E9051FBF5EF000516348 /* Resources */,
			);
			buildRules = (
			);
			dependencies = (
			);
			name = Usicon2018;
			productName = Usicon2018;
			productReference = 2951E9071FBF5EF000516348 /* Usicon2018.app */;
			productType = "com.apple.product-type.application";
		};
/* End PBXNativeTarget section */

/* Begin PBXProject section */
		2951E8FF1FBF5EF000516348 /* Project object */ = {
			isa = PBXProject;
			attributes = {
				LastSwiftUpdateCheck = 0910;
				LastUpgradeCheck = 0910;
				ORGANIZATIONNAME = JTEGroup;
				TargetAttributes = {
					2951E9061FBF5EF000516348 = {
						CreatedOnToolsVersion = 9.1;
						ProvisioningStyle = Manual;
					};
				};
			};
			buildConfigurationList = 2951E9021FBF5EF000516348 /* Build configuration list for PBXProject "Usicon2018" */;
			compatibilityVersion = "Xcode 8.0";
			developmentRegion = en;
			hasScannedForEncodings = 0;
			knownRegions = (
				en,
				Base,
			);
			mainGroup = 2951E8FE1FBF5EF000516348;
			productRefGroup = 2951E9081FBF5EF000516348 /* Products */;
			projectDirPath = "";
			projectRoot = "";
			targets = (
				2951E9061FBF5EF000516348 /* Usicon2018 */,
			);
		};
/* End PBXProject section */

/* Begin PBXResourcesBuildPhase section */
		2951E9051FBF5EF000516348 /* Resources */ = {
			isa = PBXResourcesBuildPhase;
			buildActionMask = 2147483647;
			files = (
				2951E9151FBF5EF000516348 /* LaunchScreen.storyboard in Resources */,
				2951E9121FBF5EF000516348 /* Assets.xcassets in Resources */,
				2951E9101FBF5EF000516348 /* Main.storyboard in Resources */,
			);
			runOnlyForDeploymentPostprocessing = 0;
		};
/* End PBXResourcesBuildPhase section */

/* Begin PBXSourcesBuildPhase section */
		2951E9031FBF5EF000516348 /* Sources */ = {
			isa = PBXSourcesBuildPhase;
			buildActionMask = 2147483647;
			files = (
				2951E90D1FBF5EF000516348 /* ViewController.swift in Sources */,
				2951E90B1FBF5EF000516348 /* AppDelegate.swift in Sources */,
			);
			runOnlyForDeploymentPostprocessing = 0;
		};
/* End PBXSourcesBuildPhase section */

/* Begin PBXVariantGroup section */
		2951E90E1FBF5EF000516348 /* Main.storyboard */ = {
			isa = PBXVariantGroup;
			children = (
				2951E90F1FBF5EF000516348 /* Base */,
			);
			name = Main.storyboard;
			sourceTree = "<group>";
		};
		2951E9131FBF5EF000516348 /* LaunchScreen.storyboard */ = {
			isa = PBXVariantGroup;
			children = (
				2951E9141FBF5EF000516348 /* Base */,
			);
			name = LaunchScreen.storyboard;
			sourceTree = "<group>";
		};
/* End PBXVariantGroup section */

/* Begin XCBuildConfiguration section */
		2951E9171FBF5EF000516348 /* Debug */ = {
			isa = XCBuildConfiguration;
			buildSettings = {
				ALWAYS_SEARCH_USER_PATHS = NO;
				CLANG_ANALYZER_NONNULL = YES;
				CLANG_ANALYZER_NUMBER_OBJECT_CONVERSION = YES_AGGRESSIVE;
				CLANG_CXX_LANGUAGE_STANDARD = "gnu++14";
				CLANG_CXX_LIBRARY = "libc++";
				CLANG_ENABLE_MODULES = YES;
				CLANG_ENABLE_OBJC_ARC = YES;
				CLANG_WARN_BLOCK_CAPTURE_AUTORELEASING = YES;
				CLANG_WARN_BOOL_CONVERSION = YES;
				CLANG_WARN_COMMA = YES;
				CLANG_WARN_CONSTANT_CONVERSION = YES;
				CLANG_WARN_DIRECT_OBJC_ISA_USAGE = YES_ERROR;
				CLANG_WARN_DOCUMENTATION_COMMENTS = YES;
				CLANG_WARN_EMPTY_BODY = YES;
				CLANG_WARN_ENUM_CONVERSION = YES;
				CLANG_WARN_INFINITE_RECURSION = YES;
				CLANG_WARN_INT_CONVERSION = YES;
				CLANG_WARN_NON_LITERAL_NULL_CONVERSION = YES;
				CLANG_WARN_OBJC_LITERAL_CONVERSION = YES;
				CLANG_WARN_OBJC_ROOT_CLASS = YES_ERROR;
				CLANG_WARN_RANGE_LOOP_ANALYSIS = YES;
				CLANG_WARN_STRICT_PROTOTYPES = YES;
				CLANG_WARN_SUSPICIOUS_MOVE = YES;
				CLANG_WARN_UNGUARDED_AVAILABILITY = YES_AGGRESSIVE;
				CLANG_WARN_UNREACHABLE_CODE = YES;
				CLANG_WARN__DUPLICATE_METHOD_MATCH = YES;
				CODE_SIGN_IDENTITY = "iPhone Developer: Alpcord Network (27U6ZP2W29)";
				CODE_SIGN_STYLE = Manual;
				COPY_PHASE_STRIP = NO;
				DEBUG_INFORMATION_FORMAT = dwarf;
				DEVELOPMENT_TEAM = 3WF228SLAC;
				ENABLE_STRICT_OBJC_MSGSEND = YES;
				ENABLE_TESTABILITY = YES;
				GCC_C_LANGUAGE_STANDARD = gnu11;
				GCC_DYNAMIC_NO_PIC = NO;
				GCC_NO_COMMON_BLOCKS = YES;
				GCC_OPTIMIZATION_LEVEL = 0;
				GCC_PREPROCESSOR_DEFINITIONS = (
					"DEBUG=1",
					"$(inherited)",
				);
				GCC_WARN_64_TO_32_BIT_CONVERSION = YES;
				GCC_WARN_ABOUT_RETURN_TYPE = YES_ERROR;
				GCC_WARN_UNDECLARED_SELECTOR = YES;
				GCC_WARN_UNINITIALIZED_AUTOS = YES_AGGRESSIVE;
				GCC_WARN_UNUSED_FUNCTION = YES;
				GCC_WARN_UNUSED_VARIABLE = YES;
				IPHONEOS_DEPLOYMENT_TARGET = 11.1;
				MTL_ENABLE_DEBUG_INFO = YES;
				ONLY_ACTIVE_ARCH = YES;
				PROVISIONING_PROFILE = "6cc0c401-1eb2-46fd-a563-aa4a8f22e61e";
				SDKROOT = iphoneos;
				SWIFT_ACTIVE_COMPILATION_CONDITIONS = DEBUG;
				SWIFT_OPTIMIZATION_LEVEL = "-Onone";
			};
			name = Debug;
		};
		2951E9181FBF5EF000516348 /* Release */ = {
			isa = XCBuildConfiguration;
			buildSettings = {
				ALWAYS_SEARCH_USER_PATHS = NO;
				CLANG_ANALYZER_NONNULL = YES;
				CLANG_ANALYZER_NUMBER_OBJECT_CONVERSION = YES_AGGRESSIVE;
				CLANG_CXX_LANGUAGE_STANDARD = "gnu++14";
				CLANG_CXX_LIBRARY = "libc++";
				CLANG_ENABLE_MODULES = YES;
				CLANG_ENABLE_OBJC_ARC = YES;
				CLANG_WARN_BLOCK_CAPTURE_AUTORELEASING = YES;
				CLANG_WARN_BOOL_CONVERSION = YES;
				CLANG_WARN_COMMA = YES;
				CLANG_WARN_CONSTANT_CONVERSION = YES;
				CLANG_WARN_DIRECT_OBJC_ISA_USAGE = YES_ERROR;
				CLANG_WARN_DOCUMENTATION_COMMENTS = YES;
				CLANG_WARN_EMPTY_BODY = YES;
				CLANG_WARN_ENUM_CONVERSION = YES;
				CLANG_WARN_INFINITE_RECURSION = YES;
				CLANG_WARN_INT_CONVERSION = YES;
				CLANG_WARN_NON_LITERAL_NULL_CONVERSION = YES;
				CLANG_WARN_OBJC_LITERAL_CONVERSION = YES;
				CLANG_WARN_OBJC_ROOT_CLASS = YES_ERROR;
				CLANG_WARN_RANGE_LOOP_ANALYSIS = YES;
				CLANG_WARN_STRICT_PROTOTYPES = YES;
				CLANG_WARN_SUSPICIOUS_MOVE = YES;
				CLANG_WARN_UNGUARDED_AVAILABILITY = YES_AGGRESSIVE;
				CLANG_WARN_UNREACHABLE_CODE = YES;
				CLANG_WARN__DUPLICATE_METHOD_MATCH = YES;
				CODE_SIGN_IDENTITY = "iPhone Developer: Alpcord Network (27U6ZP2W29)";
				CODE_SIGN_STYLE = Manual;
				COPY_PHASE_STRIP = NO;
				DEBUG_INFORMATION_FORMAT = "dwarf-with-dsym";
				DEVELOPMENT_TEAM = 3WF228SLAC;
				ENABLE_NS_ASSERTIONS = NO;
				ENABLE_STRICT_OBJC_MSGSEND = YES;
				GCC_C_LANGUAGE_STANDARD = gnu11;
				GCC_NO_COMMON_BLOCKS = YES;
				GCC_WARN_64_TO_32_BIT_CONVERSION = YES;
				GCC_WARN_ABOUT_RETURN_TYPE = YES_ERROR;
				GCC_WARN_UNDECLARED_SELECTOR = YES;
				GCC_WARN_UNINITIALIZED_AUTOS = YES_AGGRESSIVE;
				GCC_WARN_UNUSED_FUNCTION = YES;
				GCC_WARN_UNUSED_VARIABLE = YES;
				IPHONEOS_DEPLOYMENT_TARGET = 11.1;
				MTL_ENABLE_DEBUG_INFO = NO;
				PROVISIONING_PROFILE = "6cc0c401-1eb2-46fd-a563-aa4a8f22e61e";
				SDKROOT = iphoneos;
				SWIFT_OPTIMIZATION_LEVEL = "-Owholemodule";
				VALIDATE_PRODUCT = YES;
			};
			name = Release;
		};
		2951E91A1FBF5EF100516348 /* Debug */ = {
			isa = XCBuildConfiguration;
			buildSettings = {
				ASSETCATALOG_COMPILER_APPICON_NAME = AppIcon;
				CODE_SIGN_IDENTITY = "iPhone Developer: Alpcord Network (27U6ZP2W29)";
				CODE_SIGN_STYLE = Manual;
				DEVELOPMENT_TEAM = 3WF228SLAC;
				INFOPLIST_FILE = Usicon2018/Info.plist;
				LD_RUNPATH_SEARCH_PATHS = "$(inherited) @executable_path/Frameworks";
				PRODUCT_BUNDLE_IDENTIFIER = com.alpcordnetwork.usicon2018;
				PRODUCT_NAME = "$(TARGET_NAME)";
				PROVISIONING_PROFILE = "6cc0c401-1eb2-46fd-a563-aa4a8f22e61e";
				PROVISIONING_PROFILE_SPECIFIER = UsiconDeveloperProfile;
				SWIFT_VERSION = 4.0;
				TARGETED_DEVICE_FAMILY = "1,2";
			};
			name = Debug;
		};
		2951E91B1FBF5EF100516348 /* Release */ = {
			isa = XCBuildConfiguration;
			buildSettings = {
				ASSETCATALOG_COMPILER_APPICON_NAME = AppIcon;
				CODE_SIGN_IDENTITY = "iPhone Developer: Alpcord Network (27U6ZP2W29)";
				CODE_SIGN_STYLE = Manual;
				DEVELOPMENT_TEAM = 3WF228SLAC;
				INFOPLIST_FILE = Usicon2018/Info.plist;
				LD_RUNPATH_SEARCH_PATHS = "$(inherited) @executable_path/Frameworks";
				PRODUCT_BUNDLE_IDENTIFIER = com.alpcordnetwork.usicon2018;
				PRODUCT_NAME = "$(TARGET_NAME)";
				PROVISIONING_PROFILE = "6cc0c401-1eb2-46fd-a563-aa4a8f22e61e";
				PROVISIONING_PROFILE_SPECIFIER = UsiconDeveloperProfile;
				SWIFT_VERSION = 4.0;
				TARGETED_DEVICE_FAMILY = "1,2";
			};
			name = Release;
		};
/* End XCBuildConfiguration section */

/* Begin XCConfigurationList section */
		2951E9021FBF5EF000516348 /* Build configuration list for PBXProject "Usicon2018" */ = {
			isa = XCConfigurationList;
			buildConfigurations = (
				2951E9171FBF5EF000516348 /* Debug */,
				2951E9181FBF5EF000516348 /* Release */,
			);
			defaultConfigurationIsVisible = 0;
			defaultConfigurationName = Release;
		};
		2951E9191FBF5EF100516348 /* Build configuration list for PBXNativeTarget "Usicon2018" */ = {
			isa = XCConfigurationList;
			buildConfigurations = (
				2951E91A1FBF5EF100516348 /* Debug */,
				2951E91B1FBF5EF100516348 /* Release */,
			);
			defaultConfigurationIsVisible = 0;
			defaultConfigurationName = Release;
		};
/* End XCConfigurationList section */
	};
	rootObject = 2951E8FF1FBF5EF000516348 /* Project object */;
}
