// !$*UTF8*$!
{
	archiveVersion = 1;
	classes = {
	};
	objectVersion = 48;
	objects = {

/* Begin PBXBuildFile section */
		29123B331FC59A4700CEC35A /* ImageCarouselView.swift in Sources */ = {isa = PBXBuildFile; fileRef = 29123B321FC59A4700CEC35A /* ImageCarouselView.swift */; };
		29123B361FC5B81600CEC35A /* ContentViewController.swift in Sources */ = {isa = PBXBuildFile; fileRef = 29123B351FC5B81600CEC35A /* ContentViewController.swift */; };
		2951E90B1FBF5EF000516348 /* AppDelegate.swift in Sources */ = {isa = PBXBuildFile; fileRef = 2951E90A1FBF5EF000516348 /* AppDelegate.swift */; };
		2951E90D1FBF5EF000516348 /* ViewController.swift in Sources */ = {isa = PBXBuildFile; fileRef = 2951E90C1FBF5EF000516348 /* ViewController.swift */; };
		2951E9101FBF5EF000516348 /* Main.storyboard in Resources */ = {isa = PBXBuildFile; fileRef = 2951E90E1FBF5EF000516348 /* Main.storyboard */; };
		2951E9121FBF5EF000516348 /* Assets.xcassets in Resources */ = {isa = PBXBuildFile; fileRef = 2951E9111FBF5EF000516348 /* Assets.xcassets */; };
		2951E9151FBF5EF000516348 /* LaunchScreen.storyboard in Resources */ = {isa = PBXBuildFile; fileRef = 2951E9131FBF5EF000516348 /* LaunchScreen.storyboard */; };
		2951E9441FC370CD00516348 /* NibloadableView.swift in Sources */ = {isa = PBXBuildFile; fileRef = 2951E93B1FC370CD00516348 /* NibloadableView.swift */; };
		2951E94A1FC370CD00516348 /* BaseViewCell.swift in Sources */ = {isa = PBXBuildFile; fileRef = 2951E9421FC370CD00516348 /* BaseViewCell.swift */; };
		2951E94B1FC370CD00516348 /* ReusableView.swift in Sources */ = {isa = PBXBuildFile; fileRef = 2951E9431FC370CD00516348 /* ReusableView.swift */; };
		2951E95C1FC496BA00516348 /* Usicon.json in Resources */ = {isa = PBXBuildFile; fileRef = 2951E95B1FC496BA00516348 /* Usicon.json */; };
		2951E95E1FC49C9A00516348 /* UICollectionView+Register.swift in Sources */ = {isa = PBXBuildFile; fileRef = 2951E95D1FC49C9A00516348 /* UICollectionView+Register.swift */; };
		2951E9611FC55C2400516348 /* HeaderCell.swift in Sources */ = {isa = PBXBuildFile; fileRef = 2951E95F1FC55C2400516348 /* HeaderCell.swift */; };
		2951E9621FC55C2400516348 /* HeaderCell.xib in Resources */ = {isa = PBXBuildFile; fileRef = 2951E9601FC55C2400516348 /* HeaderCell.xib */; };
		2951E9651FC55C3C00516348 /* ContentCell.swift in Sources */ = {isa = PBXBuildFile; fileRef = 2951E9631FC55C3C00516348 /* ContentCell.swift */; };
		2951E9661FC55C3C00516348 /* ContentCell.xib in Resources */ = {isa = PBXBuildFile; fileRef = 2951E9641FC55C3C00516348 /* ContentCell.xib */; };
		2951E96A1FC56BFB00516348 /* Content.swift in Sources */ = {isa = PBXBuildFile; fileRef = 2951E9681FC56BFB00516348 /* Content.swift */; };
		2951E96B1FC56BFB00516348 /* BaseModel.swift in Sources */ = {isa = PBXBuildFile; fileRef = 2951E9691FC56BFB00516348 /* BaseModel.swift */; };
		29DFE8B11FD0A427004E9122 /* GoogleService-Info.plist in Resources */ = {isa = PBXBuildFile; fileRef = 29DFE8B01FD0A427004E9122 /* GoogleService-Info.plist */; };
		DD849961257FAEA8093376F6 /* Pods_Usicon2018.framework in Frameworks */ = {isa = PBXBuildFile; fileRef = FA440F1235ACF40B7417815B /* Pods_Usicon2018.framework */; };
/* End PBXBuildFile section */

/* Begin PBXFileReference section */
		29123B321FC59A4700CEC35A /* ImageCarouselView.swift */ = {isa = PBXFileReference; fileEncoding = 4; lastKnownFileType = sourcecode.swift; path = ImageCarouselView.swift; sourceTree = "<group>"; };
		29123B351FC5B81600CEC35A /* ContentViewController.swift */ = {isa = PBXFileReference; lastKnownFileType = sourcecode.swift; path = ContentViewController.swift; sourceTree = "<group>"; };
		2951E9071FBF5EF000516348 /* Usicon2018.app */ = {isa = PBXFileReference; explicitFileType = wrapper.application; includeInIndex = 0; path = Usicon2018.app; sourceTree = BUILT_PRODUCTS_DIR; };
		2951E90A1FBF5EF000516348 /* AppDelegate.swift */ = {isa = PBXFileReference; lastKnownFileType = sourcecode.swift; path = AppDelegate.swift; sourceTree = "<group>"; };
		2951E90C1FBF5EF000516348 /* ViewController.swift */ = {isa = PBXFileReference; lastKnownFileType = sourcecode.swift; path = ViewController.swift; sourceTree = "<group>"; };
		2951E90F1FBF5EF000516348 /* Base */ = {isa = PBXFileReference; lastKnownFileType = file.storyboard; name = Base; path = Base.lproj/Main.storyboard; sourceTree = "<group>"; };
		2951E9111FBF5EF000516348 /* Assets.xcassets */ = {isa = PBXFileReference; lastKnownFileType = folder.assetcatalog; path = Assets.xcassets; sourceTree = "<group>"; };
		2951E9141FBF5EF000516348 /* Base */ = {isa = PBXFileReference; lastKnownFileType = file.storyboard; name = Base; path = Base.lproj/LaunchScreen.storyboard; sourceTree = "<group>"; };
		2951E9161FBF5EF000516348 /* Info.plist */ = {isa = PBXFileReference; lastKnownFileType = text.plist.xml; path = Info.plist; sourceTree = "<group>"; };
		2951E93B1FC370CD00516348 /* NibloadableView.swift */ = {isa = PBXFileReference; fileEncoding = 4; lastKnownFileType = sourcecode.swift; path = NibloadableView.swift; sourceTree = "<group>"; };
		2951E9421FC370CD00516348 /* BaseViewCell.swift */ = {isa = PBXFileReference; fileEncoding = 4; lastKnownFileType = sourcecode.swift; path = BaseViewCell.swift; sourceTree = "<group>"; };
		2951E9431FC370CD00516348 /* ReusableView.swift */ = {isa = PBXFileReference; fileEncoding = 4; lastKnownFileType = sourcecode.swift; path = ReusableView.swift; sourceTree = "<group>"; };
		2951E95B1FC496BA00516348 /* Usicon.json */ = {isa = PBXFileReference; fileEncoding = 4; lastKnownFileType = text.json; path = Usicon.json; sourceTree = "<group>"; };
		2951E95D1FC49C9A00516348 /* UICollectionView+Register.swift */ = {isa = PBXFileReference; fileEncoding = 4; lastKnownFileType = sourcecode.swift; path = "UICollectionView+Register.swift"; sourceTree = "<group>"; };
		2951E95F1FC55C2400516348 /* HeaderCell.swift */ = {isa = PBXFileReference; lastKnownFileType = sourcecode.swift; path = HeaderCell.swift; sourceTree = "<group>"; };
		2951E9601FC55C2400516348 /* HeaderCell.xib */ = {isa = PBXFileReference; lastKnownFileType = file.xib; path = HeaderCell.xib; sourceTree = "<group>"; };
		2951E9631FC55C3C00516348 /* ContentCell.swift */ = {isa = PBXFileReference; lastKnownFileType = sourcecode.swift; path = ContentCell.swift; sourceTree = "<group>"; };
		2951E9641FC55C3C00516348 /* ContentCell.xib */ = {isa = PBXFileReference; lastKnownFileType = file.xib; path = ContentCell.xib; sourceTree = "<group>"; };
		2951E9681FC56BFB00516348 /* Content.swift */ = {isa = PBXFileReference; fileEncoding = 4; lastKnownFileType = sourcecode.swift; path = Content.swift; sourceTree = "<group>"; };
		2951E9691FC56BFB00516348 /* BaseModel.swift */ = {isa = PBXFileReference; fileEncoding = 4; lastKnownFileType = sourcecode.swift; path = BaseModel.swift; sourceTree = "<group>"; };
		29DFE8B01FD0A427004E9122 /* GoogleService-Info.plist */ = {isa = PBXFileReference; fileEncoding = 4; lastKnownFileType = text.plist.xml; path = "GoogleService-Info.plist"; sourceTree = "<group>"; };
		29DFE8B21FD0A7E5004E9122 /* Usicon2018.entitlements */ = {isa = PBXFileReference; lastKnownFileType = text.plist.entitlements; path = Usicon2018.entitlements; sourceTree = "<group>"; };
		D7B1FC7B01D2272DC43CD613 /* Pods-Usicon2018.release.xcconfig */ = {isa = PBXFileReference; includeInIndex = 1; lastKnownFileType = text.xcconfig; name = "Pods-Usicon2018.release.xcconfig"; path = "Pods/Target Support Files/Pods-Usicon2018/Pods-Usicon2018.release.xcconfig"; sourceTree = "<group>"; };
		DE7893197972F795F9DF6B13 /* Pods-Usicon2018.debug.xcconfig */ = {isa = PBXFileReference; includeInIndex = 1; lastKnownFileType = text.xcconfig; name = "Pods-Usicon2018.debug.xcconfig"; path = "Pods/Target Support Files/Pods-Usicon2018/Pods-Usicon2018.debug.xcconfig"; sourceTree = "<group>"; };
		FA440F1235ACF40B7417815B /* Pods_Usicon2018.framework */ = {isa = PBXFileReference; explicitFileType = wrapper.framework; includeInIndex = 0; path = Pods_Usicon2018.framework; sourceTree = BUILT_PRODUCTS_DIR; };
/* End PBXFileReference section */

/* Begin PBXFrameworksBuildPhase section */
		2951E9041FBF5EF000516348 /* Frameworks */ = {
			isa = PBXFrameworksBuildPhase;
			buildActionMask = 2147483647;
			files = (
				DD849961257FAEA8093376F6 /* Pods_Usicon2018.framework in Frameworks */,
			);
			runOnlyForDeploymentPostprocessing = 0;
		};
/* End PBXFrameworksBuildPhase section */

/* Begin PBXGroup section */
		29123B341FC5B56D00CEC35A /* Carousel */ = {
			isa = PBXGroup;
			children = (
				29123B321FC59A4700CEC35A /* ImageCarouselView.swift */,
			);
			path = Carousel;
			sourceTree = "<group>";
		};
		2951E8FE1FBF5EF000516348 = {
			isa = PBXGroup;
			children = (
				2951E9091FBF5EF000516348 /* Usicon2018 */,
				2951E9081FBF5EF000516348 /* Products */,
				362FD14567DD8C098DFD02CA /* Pods */,
				2ADF5F1A875866A1A0B96963 /* Frameworks */,
			);
			sourceTree = "<group>";
		};
		2951E9081FBF5EF000516348 /* Products */ = {
			isa = PBXGroup;
			children = (
				2951E9071FBF5EF000516348 /* Usicon2018.app */,
			);
			name = Products;
			sourceTree = "<group>";
		};
		2951E9091FBF5EF000516348 /* Usicon2018 */ = {
			isa = PBXGroup;
			children = (
				29DFE8B21FD0A7E5004E9122 /* Usicon2018.entitlements */,
				2951E9571FC495D700516348 /* App */,
				2951E9671FC56BFB00516348 /* Models */,
				2951E94C1FC3718B00516348 /* Views */,
				2951E9581FC4960200516348 /* ViewControllers */,
				2951E95A1FC4967D00516348 /* Storyboards */,
				2951E93A1FC370CD00516348 /* Utilities */,
				2951E9591FC4965400516348 /* Resources */,
			);
			path = Usicon2018;
			sourceTree = "<group>";
		};
		2951E93A1FC370CD00516348 /* Utilities */ = {
			isa = PBXGroup;
			children = (
				2951E93B1FC370CD00516348 /* NibloadableView.swift */,
				2951E9431FC370CD00516348 /* ReusableView.swift */,
				2951E9421FC370CD00516348 /* BaseViewCell.swift */,
				29123B341FC5B56D00CEC35A /* Carousel */,
				2951E93C1FC370CD00516348 /* Extensions */,
			);
			path = Utilities;
			sourceTree = "<group>";
		};
		2951E93C1FC370CD00516348 /* Extensions */ = {
			isa = PBXGroup;
			children = (
				2951E95D1FC49C9A00516348 /* UICollectionView+Register.swift */,
			);
			path = Extensions;
			sourceTree = "<group>";
		};
		2951E94C1FC3718B00516348 /* Views */ = {
			isa = PBXGroup;
			children = (
				2951E95F1FC55C2400516348 /* HeaderCell.swift */,
				2951E9601FC55C2400516348 /* HeaderCell.xib */,
				2951E9631FC55C3C00516348 /* ContentCell.swift */,
				2951E9641FC55C3C00516348 /* ContentCell.xib */,
			);
			path = Views;
			sourceTree = "<group>";
		};
		2951E9571FC495D700516348 /* App */ = {
			isa = PBXGroup;
			children = (
				2951E90A1FBF5EF000516348 /* AppDelegate.swift */,
			);
			path = App;
			sourceTree = "<group>";
		};
		2951E9581FC4960200516348 /* ViewControllers */ = {
			isa = PBXGroup;
			children = (
				2951E90C1FBF5EF000516348 /* ViewController.swift */,
				29123B351FC5B81600CEC35A /* ContentViewController.swift */,
			);
			path = ViewControllers;
			sourceTree = "<group>";
		};
		2951E9591FC4965400516348 /* Resources */ = {
			isa = PBXGroup;
			children = (
				29DFE8B01FD0A427004E9122 /* GoogleService-Info.plist */,
				2951E9111FBF5EF000516348 /* Assets.xcassets */,
				2951E95B1FC496BA00516348 /* Usicon.json */,
				2951E9161FBF5EF000516348 /* Info.plist */,
			);
			path = Resources;
			sourceTree = "<group>";
		};
		2951E95A1FC4967D00516348 /* Storyboards */ = {
			isa = PBXGroup;
			children = (
				2951E90E1FBF5EF000516348 /* Main.storyboard */,
				2951E9131FBF5EF000516348 /* LaunchScreen.storyboard */,
			);
			path = Storyboards;
			sourceTree = "<group>";
		};
		2951E9671FC56BFB00516348 /* Models */ = {
			isa = PBXGroup;
			children = (
				2951E9691FC56BFB00516348 /* BaseModel.swift */,
				2951E9681FC56BFB00516348 /* Content.swift */,
			);
			path = Models;
			sourceTree = "<group>";
		};
		2ADF5F1A875866A1A0B96963 /* Frameworks */ = {
			isa = PBXGroup;
			children = (
				FA440F1235ACF40B7417815B /* Pods_Usicon2018.framework */,
			);
			name = Frameworks;
			sourceTree = "<group>";
		};
		362FD14567DD8C098DFD02CA /* Pods */ = {
			isa = PBXGroup;
			children = (
				DE7893197972F795F9DF6B13 /* Pods-Usicon2018.debug.xcconfig */,
				D7B1FC7B01D2272DC43CD613 /* Pods-Usicon2018.release.xcconfig */,
			);
			name = Pods;
			sourceTree = "<group>";
		};
/* End PBXGroup section */

/* Begin PBXNativeTarget section */
		2951E9061FBF5EF000516348 /* Usicon2018 */ = {
			isa = PBXNativeTarget;
			buildConfigurationList = 2951E9191FBF5EF100516348 /* Build configuration list for PBXNativeTarget "Usicon2018" */;
			buildPhases = (
				067B7F31D5A6907DE985611A /* [CP] Check Pods Manifest.lock */,
				2951E9031FBF5EF000516348 /* Sources */,
				2951E9041FBF5EF000516348 /* Frameworks */,
				2951E9051FBF5EF000516348 /* Resources */,
				9AA8113E4E1537809F74CF34 /* [CP] Embed Pods Frameworks */,
				28E01FD9C703632A83F10614 /* [CP] Copy Pods Resources */,
			);
			buildRules = (
			);
			dependencies = (
			);
			name = Usicon2018;
			productName = Usicon2018;
			productReference = 2951E9071FBF5EF000516348 /* Usicon2018.app */;
			productType = "com.apple.product-type.application";
		};
/* End PBXNativeTarget section */

/* Begin PBXProject section */
		2951E8FF1FBF5EF000516348 /* Project object */ = {
			isa = PBXProject;
			attributes = {
				LastSwiftUpdateCheck = 0910;
				LastUpgradeCheck = 0910;
				ORGANIZATIONNAME = JTEGroup;
				TargetAttributes = {
					2951E9061FBF5EF000516348 = {
						CreatedOnToolsVersion = 9.1;
						ProvisioningStyle = Manual;
						SystemCapabilities = {
							com.apple.Push = {
								enabled = 1;
							};
						};
					};
				};
			};
			buildConfigurationList = 2951E9021FBF5EF000516348 /* Build configuration list for PBXProject "Usicon2018" */;
			compatibilityVersion = "Xcode 8.0";
			developmentRegion = en;
			hasScannedForEncodings = 0;
			knownRegions = (
				en,
				Base,
			);
			mainGroup = 2951E8FE1FBF5EF000516348;
			productRefGroup = 2951E9081FBF5EF000516348 /* Products */;
			projectDirPath = "";
			projectRoot = "";
			targets = (
				2951E9061FBF5EF000516348 /* Usicon2018 */,
			);
		};
/* End PBXProject section */

/* Begin PBXResourcesBuildPhase section */
		2951E9051FBF5EF000516348 /* Resources */ = {
			isa = PBXResourcesBuildPhase;
			buildActionMask = 2147483647;
			files = (
				2951E9621FC55C2400516348 /* HeaderCell.xib in Resources */,
				2951E9151FBF5EF000516348 /* LaunchScreen.storyboard in Resources */,
				2951E9121FBF5EF000516348 /* Assets.xcassets in Resources */,
				2951E95C1FC496BA00516348 /* Usicon.json in Resources */,
				2951E9101FBF5EF000516348 /* Main.storyboard in Resources */,
				2951E9661FC55C3C00516348 /* ContentCell.xib in Resources */,
				29DFE8B11FD0A427004E9122 /* GoogleService-Info.plist in Resources */,
			);
			runOnlyForDeploymentPostprocessing = 0;
		};
/* End PBXResourcesBuildPhase section */

/* Begin PBXShellScriptBuildPhase section */
		067B7F31D5A6907DE985611A /* [CP] Check Pods Manifest.lock */ = {
			isa = PBXShellScriptBuildPhase;
			buildActionMask = 2147483647;
			files = (
			);
			inputPaths = (
				"${PODS_PODFILE_DIR_PATH}/Podfile.lock",
				"${PODS_ROOT}/Manifest.lock",
			);
			name = "[CP] Check Pods Manifest.lock";
			outputPaths = (
				"$(DERIVED_FILE_DIR)/Pods-Usicon2018-checkManifestLockResult.txt",
			);
			runOnlyForDeploymentPostprocessing = 0;
			shellPath = /bin/sh;
			shellScript = "diff \"${PODS_PODFILE_DIR_PATH}/Podfile.lock\" \"${PODS_ROOT}/Manifest.lock\" > /dev/null\nif [ $? != 0 ] ; then\n    # print error to STDERR\n    echo \"error: The sandbox is not in sync with the Podfile.lock. Run 'pod install' or update your CocoaPods installation.\" >&2\n    exit 1\nfi\n# This output is used by Xcode 'outputs' to avoid re-running this script phase.\necho \"SUCCESS\" > \"${SCRIPT_OUTPUT_FILE_0}\"\n";
			showEnvVarsInLog = 0;
		};
		28E01FD9C703632A83F10614 /* [CP] Copy Pods Resources */ = {
			isa = PBXShellScriptBuildPhase;
			buildActionMask = 2147483647;
			files = (
			);
			inputPaths = (
			);
			name = "[CP] Copy Pods Resources";
			outputPaths = (
			);
			runOnlyForDeploymentPostprocessing = 0;
			shellPath = /bin/sh;
			shellScript = "\"${SRCROOT}/Pods/Target Support Files/Pods-Usicon2018/Pods-Usicon2018-resources.sh\"\n";
			showEnvVarsInLog = 0;
		};
		9AA8113E4E1537809F74CF34 /* [CP] Embed Pods Frameworks */ = {
			isa = PBXShellScriptBuildPhase;
			buildActionMask = 2147483647;
			files = (
			);
			inputPaths = (
				"${SRCROOT}/Pods/Target Support Files/Pods-Usicon2018/Pods-Usicon2018-frameworks.sh",
				"${BUILT_PRODUCTS_DIR}/GoogleToolboxForMac/GoogleToolboxForMac.framework",
				"${BUILT_PRODUCTS_DIR}/Protobuf/Protobuf.framework",
				"${BUILT_PRODUCTS_DIR}/nanopb/nanopb.framework",
			);
			name = "[CP] Embed Pods Frameworks";
			outputPaths = (
				"${TARGET_BUILD_DIR}/${FRAMEWORKS_FOLDER_PATH}/GoogleToolboxForMac.framework",
				"${TARGET_BUILD_DIR}/${FRAMEWORKS_FOLDER_PATH}/Protobuf.framework",
				"${TARGET_BUILD_DIR}/${FRAMEWORKS_FOLDER_PATH}/nanopb.framework",
			);
			runOnlyForDeploymentPostprocessing = 0;
			shellPath = /bin/sh;
			shellScript = "\"${SRCROOT}/Pods/Target Support Files/Pods-Usicon2018/Pods-Usicon2018-frameworks.sh\"\n";
			showEnvVarsInLog = 0;
		};
/* End PBXShellScriptBuildPhase section */

/* Begin PBXSourcesBuildPhase section */
		2951E9031FBF5EF000516348 /* Sources */ = {
			isa = PBXSourcesBuildPhase;
			buildActionMask = 2147483647;
			files = (
				2951E95E1FC49C9A00516348 /* UICollectionView+Register.swift in Sources */,
				2951E94B1FC370CD00516348 /* ReusableView.swift in Sources */,
				2951E9441FC370CD00516348 /* NibloadableView.swift in Sources */,
				2951E9611FC55C2400516348 /* HeaderCell.swift in Sources */,
				2951E90D1FBF5EF000516348 /* ViewController.swift in Sources */,
				29123B361FC5B81600CEC35A /* ContentViewController.swift in Sources */,
				2951E96B1FC56BFB00516348 /* BaseModel.swift in Sources */,
				2951E90B1FBF5EF000516348 /* AppDelegate.swift in Sources */,
				2951E9651FC55C3C00516348 /* ContentCell.swift in Sources */,
				2951E94A1FC370CD00516348 /* BaseViewCell.swift in Sources */,
				29123B331FC59A4700CEC35A /* ImageCarouselView.swift in Sources */,
				2951E96A1FC56BFB00516348 /* Content.swift in Sources */,
			);
			runOnlyForDeploymentPostprocessing = 0;
		};
/* End PBXSourcesBuildPhase section */

/* Begin PBXVariantGroup section */
		2951E90E1FBF5EF000516348 /* Main.storyboard */ = {
			isa = PBXVariantGroup;
			children = (
				2951E90F1FBF5EF000516348 /* Base */,
			);
			name = Main.storyboard;
			sourceTree = "<group>";
		};
		2951E9131FBF5EF000516348 /* LaunchScreen.storyboard */ = {
			isa = PBXVariantGroup;
			children = (
				2951E9141FBF5EF000516348 /* Base */,
			);
			name = LaunchScreen.storyboard;
			sourceTree = "<group>";
		};
/* End PBXVariantGroup section */

/* Begin XCBuildConfiguration section */
		2951E9171FBF5EF000516348 /* Debug */ = {
			isa = XCBuildConfiguration;
			buildSettings = {
				ALWAYS_SEARCH_USER_PATHS = NO;
				CLANG_ANALYZER_NONNULL = YES;
				CLANG_ANALYZER_NUMBER_OBJECT_CONVERSION = YES_AGGRESSIVE;
				CLANG_CXX_LANGUAGE_STANDARD = "gnu++14";
				CLANG_CXX_LIBRARY = "libc++";
				CLANG_ENABLE_MODULES = YES;
				CLANG_ENABLE_OBJC_ARC = YES;
				CLANG_WARN_BLOCK_CAPTURE_AUTORELEASING = YES;
				CLANG_WARN_BOOL_CONVERSION = YES;
				CLANG_WARN_COMMA = YES;
				CLANG_WARN_CONSTANT_CONVERSION = YES;
				CLANG_WARN_DIRECT_OBJC_ISA_USAGE = YES_ERROR;
				CLANG_WARN_DOCUMENTATION_COMMENTS = YES;
				CLANG_WARN_EMPTY_BODY = YES;
				CLANG_WARN_ENUM_CONVERSION = YES;
				CLANG_WARN_INFINITE_RECURSION = YES;
				CLANG_WARN_INT_CONVERSION = YES;
				CLANG_WARN_NON_LITERAL_NULL_CONVERSION = YES;
				CLANG_WARN_OBJC_LITERAL_CONVERSION = YES;
				CLANG_WARN_OBJC_ROOT_CLASS = YES_ERROR;
				CLANG_WARN_RANGE_LOOP_ANALYSIS = YES;
				CLANG_WARN_STRICT_PROTOTYPES = YES;
				CLANG_WARN_SUSPICIOUS_MOVE = YES;
				CLANG_WARN_UNGUARDED_AVAILABILITY = YES_AGGRESSIVE;
				CLANG_WARN_UNREACHABLE_CODE = YES;
				CLANG_WARN__DUPLICATE_METHOD_MATCH = YES;
				CODE_SIGN_IDENTITY = "iPhone Developer: Alpcord Network (27U6ZP2W29)";
				CODE_SIGN_STYLE = Manual;
				COPY_PHASE_STRIP = NO;
				DEBUG_INFORMATION_FORMAT = dwarf;
				DEVELOPMENT_TEAM = 3WF228SLAC;
				ENABLE_STRICT_OBJC_MSGSEND = YES;
				ENABLE_TESTABILITY = YES;
				GCC_C_LANGUAGE_STANDARD = gnu11;
				GCC_DYNAMIC_NO_PIC = NO;
				GCC_NO_COMMON_BLOCKS = YES;
				GCC_OPTIMIZATION_LEVEL = 0;
				GCC_PREPROCESSOR_DEFINITIONS = (
					"DEBUG=1",
					"$(inherited)",
				);
				GCC_WARN_64_TO_32_BIT_CONVERSION = YES;
				GCC_WARN_ABOUT_RETURN_TYPE = YES_ERROR;
				GCC_WARN_UNDECLARED_SELECTOR = YES;
				GCC_WARN_UNINITIALIZED_AUTOS = YES_AGGRESSIVE;
				GCC_WARN_UNUSED_FUNCTION = YES;
				GCC_WARN_UNUSED_VARIABLE = YES;
				IPHONEOS_DEPLOYMENT_TARGET = 11.1;
				MTL_ENABLE_DEBUG_INFO = YES;
				ONLY_ACTIVE_ARCH = YES;
				PROVISIONING_PROFILE = "0d8f183e-0ef2-4640-b33a-e0e908af9a55";
				SDKROOT = iphoneos;
				SWIFT_ACTIVE_COMPILATION_CONDITIONS = DEBUG;
				SWIFT_OPTIMIZATION_LEVEL = "-Onone";
			};
			name = Debug;
		};
		2951E9181FBF5EF000516348 /* Release */ = {
			isa = XCBuildConfiguration;
			buildSettings = {
				ALWAYS_SEARCH_USER_PATHS = NO;
				CLANG_ANALYZER_NONNULL = YES;
				CLANG_ANALYZER_NUMBER_OBJECT_CONVERSION = YES_AGGRESSIVE;
				CLANG_CXX_LANGUAGE_STANDARD = "gnu++14";
				CLANG_CXX_LIBRARY = "libc++";
				CLANG_ENABLE_MODULES = YES;
				CLANG_ENABLE_OBJC_ARC = YES;
				CLANG_WARN_BLOCK_CAPTURE_AUTORELEASING = YES;
				CLANG_WARN_BOOL_CONVERSION = YES;
				CLANG_WARN_COMMA = YES;
				CLANG_WARN_CONSTANT_CONVERSION = YES;
				CLANG_WARN_DIRECT_OBJC_ISA_USAGE = YES_ERROR;
				CLANG_WARN_DOCUMENTATION_COMMENTS = YES;
				CLANG_WARN_EMPTY_BODY = YES;
				CLANG_WARN_ENUM_CONVERSION = YES;
				CLANG_WARN_INFINITE_RECURSION = YES;
				CLANG_WARN_INT_CONVERSION = YES;
				CLANG_WARN_NON_LITERAL_NULL_CONVERSION = YES;
				CLANG_WARN_OBJC_LITERAL_CONVERSION = YES;
				CLANG_WARN_OBJC_ROOT_CLASS = YES_ERROR;
				CLANG_WARN_RANGE_LOOP_ANALYSIS = YES;
				CLANG_WARN_STRICT_PROTOTYPES = YES;
				CLANG_WARN_SUSPICIOUS_MOVE = YES;
				CLANG_WARN_UNGUARDED_AVAILABILITY = YES_AGGRESSIVE;
				CLANG_WARN_UNREACHABLE_CODE = YES;
				CLANG_WARN__DUPLICATE_METHOD_MATCH = YES;
				CODE_SIGN_IDENTITY = "iPhone Developer: Alpcord Network (27U6ZP2W29)";
				CODE_SIGN_STYLE = Manual;
				COPY_PHASE_STRIP = NO;
				DEBUG_INFORMATION_FORMAT = "dwarf-with-dsym";
				DEVELOPMENT_TEAM = 3WF228SLAC;
				ENABLE_NS_ASSERTIONS = NO;
				ENABLE_STRICT_OBJC_MSGSEND = YES;
				GCC_C_LANGUAGE_STANDARD = gnu11;
				GCC_NO_COMMON_BLOCKS = YES;
				GCC_WARN_64_TO_32_BIT_CONVERSION = YES;
				GCC_WARN_ABOUT_RETURN_TYPE = YES_ERROR;
				GCC_WARN_UNDECLARED_SELECTOR = YES;
				GCC_WARN_UNINITIALIZED_AUTOS = YES_AGGRESSIVE;
				GCC_WARN_UNUSED_FUNCTION = YES;
				GCC_WARN_UNUSED_VARIABLE = YES;
				IPHONEOS_DEPLOYMENT_TARGET = 11.1;
				MTL_ENABLE_DEBUG_INFO = NO;
				PROVISIONING_PROFILE = "0d8f183e-0ef2-4640-b33a-e0e908af9a55";
				SDKROOT = iphoneos;
				SWIFT_OPTIMIZATION_LEVEL = "-Owholemodule";
				VALIDATE_PRODUCT = YES;
			};
			name = Release;
		};
		2951E91A1FBF5EF100516348 /* Debug */ = {
			isa = XCBuildConfiguration;
			baseConfigurationReference = DE7893197972F795F9DF6B13 /* Pods-Usicon2018.debug.xcconfig */;
			buildSettings = {
				ASSETCATALOG_COMPILER_APPICON_NAME = AppIcon;
				CODE_SIGN_ENTITLEMENTS = Usicon2018/Usicon2018.entitlements;
				CODE_SIGN_IDENTITY = "iPhone Developer: Alpcord Network (27U6ZP2W29)";
				CODE_SIGN_STYLE = Manual;
				DEVELOPMENT_TEAM = 3WF228SLAC;
				INFOPLIST_FILE = Usicon2018/Resources/Info.plist;
				IPHONEOS_DEPLOYMENT_TARGET = 11.0;
				LD_RUNPATH_SEARCH_PATHS = "$(inherited) @executable_path/Frameworks";
				PRODUCT_BUNDLE_IDENTIFIER = com.alpcordnetwork.usicon2018;
				PRODUCT_NAME = "$(TARGET_NAME)";
				PROVISIONING_PROFILE = "0d8f183e-0ef2-4640-b33a-e0e908af9a55";
				PROVISIONING_PROFILE_SPECIFIER = UsiconDeveloperProfile_1Dec;
				SWIFT_VERSION = 4.0;
				TARGETED_DEVICE_FAMILY = "1,2";
			};
			name = Debug;
		};
		2951E91B1FBF5EF100516348 /* Release */ = {
			isa = XCBuildConfiguration;
			baseConfigurationReference = D7B1FC7B01D2272DC43CD613 /* Pods-Usicon2018.release.xcconfig */;
			buildSettings = {
				ASSETCATALOG_COMPILER_APPICON_NAME = AppIcon;
				CODE_SIGN_ENTITLEMENTS = Usicon2018/Usicon2018.entitlements;
				CODE_SIGN_IDENTITY = "iPhone Developer: Alpcord Network (27U6ZP2W29)";
				CODE_SIGN_STYLE = Manual;
				DEVELOPMENT_TEAM = 3WF228SLAC;
				INFOPLIST_FILE = Usicon2018/Resources/Info.plist;
				IPHONEOS_DEPLOYMENT_TARGET = 11.0;
				LD_RUNPATH_SEARCH_PATHS = "$(inherited) @executable_path/Frameworks";
				PRODUCT_BUNDLE_IDENTIFIER = com.alpcordnetwork.usicon2018;
				PRODUCT_NAME = "$(TARGET_NAME)";
				PROVISIONING_PROFILE = "0d8f183e-0ef2-4640-b33a-e0e908af9a55";
				PROVISIONING_PROFILE_SPECIFIER = UsiconDeveloperProfile_1Dec;
				SWIFT_VERSION = 4.0;
				TARGETED_DEVICE_FAMILY = "1,2";
			};
			name = Release;
		};
/* End XCBuildConfiguration section */

/* Begin XCConfigurationList section */
		2951E9021FBF5EF000516348 /* Build configuration list for PBXProject "Usicon2018" */ = {
			isa = XCConfigurationList;
			buildConfigurations = (
				2951E9171FBF5EF000516348 /* Debug */,
				2951E9181FBF5EF000516348 /* Release */,
			);
			defaultConfigurationIsVisible = 0;
			defaultConfigurationName = Release;
		};
		2951E9191FBF5EF100516348 /* Build configuration list for PBXNativeTarget "Usicon2018" */ = {
			isa = XCConfigurationList;
			buildConfigurations = (
				2951E91A1FBF5EF100516348 /* Debug */,
				2951E91B1FBF5EF100516348 /* Release */,
			);
			defaultConfigurationIsVisible = 0;
			defaultConfigurationName = Release;
		};
/* End XCConfigurationList section */
	};
	rootObject = 2951E8FF1FBF5EF000516348 /* Project object */;
}
